
Microsoft Visual Studio Solution File, Format Version 12.00
# Visual Studio 15
VisualStudioVersion = 15.0.28307.1209
MinimumVisualStudioVersion = 10.0.40219.1
Project("{8BC9CEB8-8B4A-11D0-8D11-00A0C91BC942}") = "stack_primary_linear", "stack_primary_linear\stack_primary_linear.vcxproj", "{D96FD6E8-D178-4E3B-838C-03593D8229A1}"
EndProject
Project("{8BC9CEB8-8B4A-11D0-8D11-00A0C91BC942}") = "sharing space", "sharing space\sharing space.vcxproj", "{F2EBC96A-5044-4D80-B3B3-8CD32701DFCE}"
EndProject
Project("{8BC9CEB8-8B4A-11D0-8D11-00A0C91BC942}") = "sharing space++", "sharing space++\sharing space++.vcxproj", "{64E6C503-FBE2-4B83-BE19-F61B1ED06786}"
EndProject
Global
	GlobalSection(SolutionConfigurationPlatforms) = preSolution
		Debug|x64 = Debug|x64
		Debug|x86 = Debug|x86
		Release|x64 = Release|x64
		Release|x86 = Release|x86
	EndGlobalSection
	GlobalSection(ProjectConfigurationPlatforms) = postSolution
		{D96FD6E8-D178-4E3B-838C-03593D8229A1}.Debug|x64.ActiveCfg = Debug|x64
		{D96FD6E8-D178-4E3B-838C-03593D8229A1}.Debug|x64.Build.0 = Debug|x64
		{D96FD6E8-D178-4E3B-838C-03593D8229A1}.Debug|x86.ActiveCfg = Debug|Win32
		{D96FD6E8-D178-4E3B-838C-03593D8229A1}.Debug|x86.Build.0 = Debug|Win32
		{D96FD6E8-D178-4E3B-838C-03593D8229A1}.Release|x64.ActiveCfg = Release|x64
		{D96FD6E8-D178-4E3B-838C-03593D8229A1}.Release|x64.Build.0 = Release|x64
		{D96FD6E8-D178-4E3B-838C-03593D8229A1}.Release|x86.ActiveCfg = Release|Win32
		{D96FD6E8-D178-4E3B-838C-03593D8229A1}.Release|x86.Build.0 = Release|Win32
		{F2EBC96A-5044-4D80-B3B3-8CD32701DFCE}.Debug|x64.ActiveCfg = Debug|x64
		{F2EBC96A-5044-4D80-B3B3-8CD32701DFCE}.Debug|x64.Build.0 = Debug|x64
		{F2EBC96A-5044-4D80-B3B3-8CD32701DFCE}.Debug|x86.ActiveCfg = Debug|Win32
		{F2EBC96A-5044-4D80-B3B3-8CD32701DFCE}.Debug|x86.Build.0 = Debug|Win32
		{F2EBC96A-5044-4D80-B3B3-8CD32701DFCE}.Release|x64.ActiveCfg = Release|x64
		{F2EBC96A-5044-4D80-B3B3-8CD32701DFCE}.Release|x64.Build.0 = Release|x64
		{F2EBC96A-5044-4D80-B3B3-8CD32701DFCE}.Release|x86.ActiveCfg = Release|Win32
		{F2EBC96A-5044-4D80-B3B3-8CD32701DFCE}.Release|x86.Build.0 = Release|Win32
		{64E6C503-FBE2-4B83-BE19-F61B1ED06786}.Debug|x64.ActiveCfg = Debug|x64
		{64E6C503-FBE2-4B83-BE19-F61B1ED06786}.Debug|x64.Build.0 = Debug|x64
		{64E6C503-FBE2-4B83-BE19-F61B1ED06786}.Debug|x86.ActiveCfg = Debug|Win32
		{64E6C503-FBE2-4B83-BE19-F61B1ED06786}.Debug|x86.Build.0 = Debug|Win32
		{64E6C503-FBE2-4B83-BE19-F61B1ED06786}.Release|x64.ActiveCfg = Release|x64
		{64E6C503-FBE2-4B83-BE19-F61B1ED06786}.Release|x64.Build.0 = Release|x64
		{64E6C503-FBE2-4B83-BE19-F61B1ED06786}.Release|x86.ActiveCfg = Release|Win32
		{64E6C503-FBE2-4B83-BE19-F61B1ED06786}.Release|x86.Build.0 = Release|Win32
	EndGlobalSection
	GlobalSection(SolutionProperties) = preSolution
		HideSolutionNode = FALSE
	EndGlobalSection
	GlobalSection(ExtensibilityGlobals) = postSolution
		SolutionGuid = {FC51650E-E3B1-4D26-A91D-32F029802808}
	EndGlobalSection
EndGlobal
