
Microsoft Visual Studio Solution File, Format Version 12.00
# Visual Studio 15
VisualStudioVersion = 15.0.28307.1209
MinimumVisualStudioVersion = 10.0.40219.1
Project("{8BC9CEB8-8B4A-11D0-8D11-00A0C91BC942}") = "Base Caculator", "Base Caculator\Base Caculator.vcxproj", "{D67311A8-454F-45F6-9301-251CDE0BD41F}"
EndProject
Project("{8BC9CEB8-8B4A-11D0-8D11-00A0C91BC942}") = "Huiwen Judgement", "Huiwen Judgement\Huiwen Judgement.vcxproj", "{B00C9AEF-9EE3-4165-80B9-2609E65BC40C}"
EndProject
Project("{8BC9CEB8-8B4A-11D0-8D11-00A0C91BC942}") = "Double_Stack", "Double_Stack\Double_Stack.vcxproj", "{1BDA218E-4435-4120-BB11-8DF74B316D49}"
EndProject
Project("{8BC9CEB8-8B4A-11D0-8D11-00A0C91BC942}") = "Recurrence", "Recurrence\Recurrence.vcxproj", "{0FA12F48-F042-42BE-9C65-7A36802C32CA}"
EndProject
Project("{8BC9CEB8-8B4A-11D0-8D11-00A0C91BC942}") = "test", "test\test.vcxproj", "{A11BEB9E-44A5-4360-B895-3B54DFA80884}"
EndProject
Project("{8BC9CEB8-8B4A-11D0-8D11-00A0C91BC942}") = "Ackerman", "Ackerman\Ackerman.vcxproj", "{251C7F0B-8587-4EB0-A902-EC9406BEF03E}"
EndProject
Project("{8BC9CEB8-8B4A-11D0-8D11-00A0C91BC942}") = "Midfix Expression", "Midfix Expression\Midfix Expression.vcxproj", "{AC71227B-914D-44D2-B10D-16327E78D5FE}"
EndProject
Project("{8BC9CEB8-8B4A-11D0-8D11-00A0C91BC942}") = "Suffix Expression", "Suffix Expression\Suffix Expression.vcxproj", "{C2666612-D442-4808-9899-DBAB751B073A}"
EndProject
Project("{8BC9CEB8-8B4A-11D0-8D11-00A0C91BC942}") = "suffix Copy", "suffix Copy\suffix Copy.vcxproj", "{3C7E7038-CF71-41A0-9590-66F7DEF7E657}"
EndProject
Project("{8BC9CEB8-8B4A-11D0-8D11-00A0C91BC942}") = "NodeNum", "NodeNum\NodeNum.vcxproj", "{D871A910-6898-4BCA-AA47-5786E758ED6D}"
EndProject
Project("{8BC9CEB8-8B4A-11D0-8D11-00A0C91BC942}") = "StrReverse", "StrReverse\StrReverse.vcxproj", "{F4B96C6F-95F1-40B0-825F-4FB6C9DA6D7E}"
EndProject
Project("{8BC9CEB8-8B4A-11D0-8D11-00A0C91BC942}") = "Midfix_Web", "Midfix_Web\Midfix_Web.vcxproj", "{6B623BAA-1CFD-4A65-BBFF-572A2163AB53}"
EndProject
Project("{8BC9CEB8-8B4A-11D0-8D11-00A0C91BC942}") = "MidfixWeb2", "MidfixWen\MidfixWen.vcxproj", "{33B538A7-EF7A-49A0-8B22-D1BA2EFACB90}"
EndProject
Project("{8BC9CEB8-8B4A-11D0-8D11-00A0C91BC942}") = "StrReverseWeb", "StrReverseWeb\StrReverseWeb.vcxproj", "{569E49E3-4FEC-4354-9403-8485103925C9}"
EndProject
Project("{8BC9CEB8-8B4A-11D0-8D11-00A0C91BC942}") = "StrReverse_Save_space", "StrReverse_Save_space\StrReverse_Save_space.vcxproj", "{CFC769C8-E828-4453-84C2-35349D493074}"
EndProject
Project("{8BC9CEB8-8B4A-11D0-8D11-00A0C91BC942}") = "CountStr", "CountStr\CountStr.vcxproj", "{8DEDD94D-8C82-4A52-B700-4D8F131C1C94}"
EndProject
Project("{8BC9CEB8-8B4A-11D0-8D11-00A0C91BC942}") = "Midffix to Suffix", "Midffix to Suffix\Midffix to Suffix.vcxproj", "{B56E0D19-5D23-40FF-852A-B84B865C738E}"
EndProject
Project("{8BC9CEB8-8B4A-11D0-8D11-00A0C91BC942}") = "Midfix to Suffix 2", "Midfix to Suffix 2\Midfix to Suffix 2.vcxproj", "{0D317E8F-45B6-488D-BD5D-68A4194B05E3}"
EndProject
Global
	GlobalSection(SolutionConfigurationPlatforms) = preSolution
		Debug|x64 = Debug|x64
		Debug|x86 = Debug|x86
		Release|x64 = Release|x64
		Release|x86 = Release|x86
	EndGlobalSection
	GlobalSection(ProjectConfigurationPlatforms) = postSolution
		{D67311A8-454F-45F6-9301-251CDE0BD41F}.Debug|x64.ActiveCfg = Debug|x64
		{D67311A8-454F-45F6-9301-251CDE0BD41F}.Debug|x64.Build.0 = Debug|x64
		{D67311A8-454F-45F6-9301-251CDE0BD41F}.Debug|x86.ActiveCfg = Debug|Win32
		{D67311A8-454F-45F6-9301-251CDE0BD41F}.Debug|x86.Build.0 = Debug|Win32
		{D67311A8-454F-45F6-9301-251CDE0BD41F}.Release|x64.ActiveCfg = Release|x64
		{D67311A8-454F-45F6-9301-251CDE0BD41F}.Release|x64.Build.0 = Release|x64
		{D67311A8-454F-45F6-9301-251CDE0BD41F}.Release|x86.ActiveCfg = Release|Win32
		{D67311A8-454F-45F6-9301-251CDE0BD41F}.Release|x86.Build.0 = Release|Win32
		{B00C9AEF-9EE3-4165-80B9-2609E65BC40C}.Debug|x64.ActiveCfg = Debug|x64
		{B00C9AEF-9EE3-4165-80B9-2609E65BC40C}.Debug|x64.Build.0 = Debug|x64
		{B00C9AEF-9EE3-4165-80B9-2609E65BC40C}.Debug|x86.ActiveCfg = Debug|Win32
		{B00C9AEF-9EE3-4165-80B9-2609E65BC40C}.Debug|x86.Build.0 = Debug|Win32
		{B00C9AEF-9EE3-4165-80B9-2609E65BC40C}.Release|x64.ActiveCfg = Release|x64
		{B00C9AEF-9EE3-4165-80B9-2609E65BC40C}.Release|x64.Build.0 = Release|x64
		{B00C9AEF-9EE3-4165-80B9-2609E65BC40C}.Release|x86.ActiveCfg = Release|Win32
		{B00C9AEF-9EE3-4165-80B9-2609E65BC40C}.Release|x86.Build.0 = Release|Win32
		{1BDA218E-4435-4120-BB11-8DF74B316D49}.Debug|x64.ActiveCfg = Debug|x64
		{1BDA218E-4435-4120-BB11-8DF74B316D49}.Debug|x64.Build.0 = Debug|x64
		{1BDA218E-4435-4120-BB11-8DF74B316D49}.Debug|x86.ActiveCfg = Debug|Win32
		{1BDA218E-4435-4120-BB11-8DF74B316D49}.Debug|x86.Build.0 = Debug|Win32
		{1BDA218E-4435-4120-BB11-8DF74B316D49}.Release|x64.ActiveCfg = Release|x64
		{1BDA218E-4435-4120-BB11-8DF74B316D49}.Release|x64.Build.0 = Release|x64
		{1BDA218E-4435-4120-BB11-8DF74B316D49}.Release|x86.ActiveCfg = Release|Win32
		{1BDA218E-4435-4120-BB11-8DF74B316D49}.Release|x86.Build.0 = Release|Win32
		{0FA12F48-F042-42BE-9C65-7A36802C32CA}.Debug|x64.ActiveCfg = Debug|x64
		{0FA12F48-F042-42BE-9C65-7A36802C32CA}.Debug|x64.Build.0 = Debug|x64
		{0FA12F48-F042-42BE-9C65-7A36802C32CA}.Debug|x86.ActiveCfg = Debug|Win32
		{0FA12F48-F042-42BE-9C65-7A36802C32CA}.Debug|x86.Build.0 = Debug|Win32
		{0FA12F48-F042-42BE-9C65-7A36802C32CA}.Release|x64.ActiveCfg = Release|x64
		{0FA12F48-F042-42BE-9C65-7A36802C32CA}.Release|x64.Build.0 = Release|x64
		{0FA12F48-F042-42BE-9C65-7A36802C32CA}.Release|x86.ActiveCfg = Release|Win32
		{0FA12F48-F042-42BE-9C65-7A36802C32CA}.Release|x86.Build.0 = Release|Win32
		{A11BEB9E-44A5-4360-B895-3B54DFA80884}.Debug|x64.ActiveCfg = Debug|x64
		{A11BEB9E-44A5-4360-B895-3B54DFA80884}.Debug|x64.Build.0 = Debug|x64
		{A11BEB9E-44A5-4360-B895-3B54DFA80884}.Debug|x86.ActiveCfg = Debug|Win32
		{A11BEB9E-44A5-4360-B895-3B54DFA80884}.Debug|x86.Build.0 = Debug|Win32
		{A11BEB9E-44A5-4360-B895-3B54DFA80884}.Release|x64.ActiveCfg = Release|x64
		{A11BEB9E-44A5-4360-B895-3B54DFA80884}.Release|x64.Build.0 = Release|x64
		{A11BEB9E-44A5-4360-B895-3B54DFA80884}.Release|x86.ActiveCfg = Release|Win32
		{A11BEB9E-44A5-4360-B895-3B54DFA80884}.Release|x86.Build.0 = Release|Win32
		{251C7F0B-8587-4EB0-A902-EC9406BEF03E}.Debug|x64.ActiveCfg = Debug|x64
		{251C7F0B-8587-4EB0-A902-EC9406BEF03E}.Debug|x64.Build.0 = Debug|x64
		{251C7F0B-8587-4EB0-A902-EC9406BEF03E}.Debug|x86.ActiveCfg = Debug|Win32
		{251C7F0B-8587-4EB0-A902-EC9406BEF03E}.Debug|x86.Build.0 = Debug|Win32
		{251C7F0B-8587-4EB0-A902-EC9406BEF03E}.Release|x64.ActiveCfg = Release|x64
		{251C7F0B-8587-4EB0-A902-EC9406BEF03E}.Release|x64.Build.0 = Release|x64
		{251C7F0B-8587-4EB0-A902-EC9406BEF03E}.Release|x86.ActiveCfg = Release|Win32
		{251C7F0B-8587-4EB0-A902-EC9406BEF03E}.Release|x86.Build.0 = Release|Win32
		{AC71227B-914D-44D2-B10D-16327E78D5FE}.Debug|x64.ActiveCfg = Debug|x64
		{AC71227B-914D-44D2-B10D-16327E78D5FE}.Debug|x64.Build.0 = Debug|x64
		{AC71227B-914D-44D2-B10D-16327E78D5FE}.Debug|x86.ActiveCfg = Debug|Win32
		{AC71227B-914D-44D2-B10D-16327E78D5FE}.Debug|x86.Build.0 = Debug|Win32
		{AC71227B-914D-44D2-B10D-16327E78D5FE}.Release|x64.ActiveCfg = Release|x64
		{AC71227B-914D-44D2-B10D-16327E78D5FE}.Release|x64.Build.0 = Release|x64
		{AC71227B-914D-44D2-B10D-16327E78D5FE}.Release|x86.ActiveCfg = Release|Win32
		{AC71227B-914D-44D2-B10D-16327E78D5FE}.Release|x86.Build.0 = Release|Win32
		{C2666612-D442-4808-9899-DBAB751B073A}.Debug|x64.ActiveCfg = Debug|x64
		{C2666612-D442-4808-9899-DBAB751B073A}.Debug|x64.Build.0 = Debug|x64
		{C2666612-D442-4808-9899-DBAB751B073A}.Debug|x86.ActiveCfg = Debug|Win32
		{C2666612-D442-4808-9899-DBAB751B073A}.Debug|x86.Build.0 = Debug|Win32
		{C2666612-D442-4808-9899-DBAB751B073A}.Release|x64.ActiveCfg = Release|x64
		{C2666612-D442-4808-9899-DBAB751B073A}.Release|x64.Build.0 = Release|x64
		{C2666612-D442-4808-9899-DBAB751B073A}.Release|x86.ActiveCfg = Release|Win32
		{C2666612-D442-4808-9899-DBAB751B073A}.Release|x86.Build.0 = Release|Win32
		{3C7E7038-CF71-41A0-9590-66F7DEF7E657}.Debug|x64.ActiveCfg = Debug|x64
		{3C7E7038-CF71-41A0-9590-66F7DEF7E657}.Debug|x64.Build.0 = Debug|x64
		{3C7E7038-CF71-41A0-9590-66F7DEF7E657}.Debug|x86.ActiveCfg = Debug|Win32
		{3C7E7038-CF71-41A0-9590-66F7DEF7E657}.Debug|x86.Build.0 = Debug|Win32
		{3C7E7038-CF71-41A0-9590-66F7DEF7E657}.Release|x64.ActiveCfg = Release|x64
		{3C7E7038-CF71-41A0-9590-66F7DEF7E657}.Release|x64.Build.0 = Release|x64
		{3C7E7038-CF71-41A0-9590-66F7DEF7E657}.Release|x86.ActiveCfg = Release|Win32
		{3C7E7038-CF71-41A0-9590-66F7DEF7E657}.Release|x86.Build.0 = Release|Win32
		{D871A910-6898-4BCA-AA47-5786E758ED6D}.Debug|x64.ActiveCfg = Debug|x64
		{D871A910-6898-4BCA-AA47-5786E758ED6D}.Debug|x64.Build.0 = Debug|x64
		{D871A910-6898-4BCA-AA47-5786E758ED6D}.Debug|x86.ActiveCfg = Debug|Win32
		{D871A910-6898-4BCA-AA47-5786E758ED6D}.Debug|x86.Build.0 = Debug|Win32
		{D871A910-6898-4BCA-AA47-5786E758ED6D}.Release|x64.ActiveCfg = Release|x64
		{D871A910-6898-4BCA-AA47-5786E758ED6D}.Release|x64.Build.0 = Release|x64
		{D871A910-6898-4BCA-AA47-5786E758ED6D}.Release|x86.ActiveCfg = Release|Win32
		{D871A910-6898-4BCA-AA47-5786E758ED6D}.Release|x86.Build.0 = Release|Win32
		{F4B96C6F-95F1-40B0-825F-4FB6C9DA6D7E}.Debug|x64.ActiveCfg = Debug|x64
		{F4B96C6F-95F1-40B0-825F-4FB6C9DA6D7E}.Debug|x64.Build.0 = Debug|x64
		{F4B96C6F-95F1-40B0-825F-4FB6C9DA6D7E}.Debug|x86.ActiveCfg = Debug|Win32
		{F4B96C6F-95F1-40B0-825F-4FB6C9DA6D7E}.Debug|x86.Build.0 = Debug|Win32
		{F4B96C6F-95F1-40B0-825F-4FB6C9DA6D7E}.Release|x64.ActiveCfg = Release|x64
		{F4B96C6F-95F1-40B0-825F-4FB6C9DA6D7E}.Release|x64.Build.0 = Release|x64
		{F4B96C6F-95F1-40B0-825F-4FB6C9DA6D7E}.Release|x86.ActiveCfg = Release|Win32
		{F4B96C6F-95F1-40B0-825F-4FB6C9DA6D7E}.Release|x86.Build.0 = Release|Win32
		{6B623BAA-1CFD-4A65-BBFF-572A2163AB53}.Debug|x64.ActiveCfg = Debug|x64
		{6B623BAA-1CFD-4A65-BBFF-572A2163AB53}.Debug|x64.Build.0 = Debug|x64
		{6B623BAA-1CFD-4A65-BBFF-572A2163AB53}.Debug|x86.ActiveCfg = Debug|Win32
		{6B623BAA-1CFD-4A65-BBFF-572A2163AB53}.Debug|x86.Build.0 = Debug|Win32
		{6B623BAA-1CFD-4A65-BBFF-572A2163AB53}.Release|x64.ActiveCfg = Release|x64
		{6B623BAA-1CFD-4A65-BBFF-572A2163AB53}.Release|x64.Build.0 = Release|x64
		{6B623BAA-1CFD-4A65-BBFF-572A2163AB53}.Release|x86.ActiveCfg = Release|Win32
		{6B623BAA-1CFD-4A65-BBFF-572A2163AB53}.Release|x86.Build.0 = Release|Win32
		{33B538A7-EF7A-49A0-8B22-D1BA2EFACB90}.Debug|x64.ActiveCfg = Debug|x64
		{33B538A7-EF7A-49A0-8B22-D1BA2EFACB90}.Debug|x64.Build.0 = Debug|x64
		{33B538A7-EF7A-49A0-8B22-D1BA2EFACB90}.Debug|x86.ActiveCfg = Debug|Win32
		{33B538A7-EF7A-49A0-8B22-D1BA2EFACB90}.Debug|x86.Build.0 = Debug|Win32
		{33B538A7-EF7A-49A0-8B22-D1BA2EFACB90}.Release|x64.ActiveCfg = Release|x64
		{33B538A7-EF7A-49A0-8B22-D1BA2EFACB90}.Release|x64.Build.0 = Release|x64
		{33B538A7-EF7A-49A0-8B22-D1BA2EFACB90}.Release|x86.ActiveCfg = Release|Win32
		{33B538A7-EF7A-49A0-8B22-D1BA2EFACB90}.Release|x86.Build.0 = Release|Win32
		{569E49E3-4FEC-4354-9403-8485103925C9}.Debug|x64.ActiveCfg = Debug|x64
		{569E49E3-4FEC-4354-9403-8485103925C9}.Debug|x64.Build.0 = Debug|x64
		{569E49E3-4FEC-4354-9403-8485103925C9}.Debug|x86.ActiveCfg = Debug|Win32
		{569E49E3-4FEC-4354-9403-8485103925C9}.Debug|x86.Build.0 = Debug|Win32
		{569E49E3-4FEC-4354-9403-8485103925C9}.Release|x64.ActiveCfg = Release|x64
		{569E49E3-4FEC-4354-9403-8485103925C9}.Release|x64.Build.0 = Release|x64
		{569E49E3-4FEC-4354-9403-8485103925C9}.Release|x86.ActiveCfg = Release|Win32
		{569E49E3-4FEC-4354-9403-8485103925C9}.Release|x86.Build.0 = Release|Win32
		{CFC769C8-E828-4453-84C2-35349D493074}.Debug|x64.ActiveCfg = Debug|x64
		{CFC769C8-E828-4453-84C2-35349D493074}.Debug|x64.Build.0 = Debug|x64
		{CFC769C8-E828-4453-84C2-35349D493074}.Debug|x86.ActiveCfg = Debug|Win32
		{CFC769C8-E828-4453-84C2-35349D493074}.Debug|x86.Build.0 = Debug|Win32
		{CFC769C8-E828-4453-84C2-35349D493074}.Release|x64.ActiveCfg = Release|x64
		{CFC769C8-E828-4453-84C2-35349D493074}.Release|x64.Build.0 = Release|x64
		{CFC769C8-E828-4453-84C2-35349D493074}.Release|x86.ActiveCfg = Release|Win32
		{CFC769C8-E828-4453-84C2-35349D493074}.Release|x86.Build.0 = Release|Win32
		{8DEDD94D-8C82-4A52-B700-4D8F131C1C94}.Debug|x64.ActiveCfg = Debug|x64
		{8DEDD94D-8C82-4A52-B700-4D8F131C1C94}.Debug|x64.Build.0 = Debug|x64
		{8DEDD94D-8C82-4A52-B700-4D8F131C1C94}.Debug|x86.ActiveCfg = Debug|Win32
		{8DEDD94D-8C82-4A52-B700-4D8F131C1C94}.Debug|x86.Build.0 = Debug|Win32
		{8DEDD94D-8C82-4A52-B700-4D8F131C1C94}.Release|x64.ActiveCfg = Release|x64
		{8DEDD94D-8C82-4A52-B700-4D8F131C1C94}.Release|x64.Build.0 = Release|x64
		{8DEDD94D-8C82-4A52-B700-4D8F131C1C94}.Release|x86.ActiveCfg = Release|Win32
		{8DEDD94D-8C82-4A52-B700-4D8F131C1C94}.Release|x86.Build.0 = Release|Win32
		{B56E0D19-5D23-40FF-852A-B84B865C738E}.Debug|x64.ActiveCfg = Debug|x64
		{B56E0D19-5D23-40FF-852A-B84B865C738E}.Debug|x64.Build.0 = Debug|x64
		{B56E0D19-5D23-40FF-852A-B84B865C738E}.Debug|x86.ActiveCfg = Debug|Win32
		{B56E0D19-5D23-40FF-852A-B84B865C738E}.Debug|x86.Build.0 = Debug|Win32
		{B56E0D19-5D23-40FF-852A-B84B865C738E}.Release|x64.ActiveCfg = Release|x64
		{B56E0D19-5D23-40FF-852A-B84B865C738E}.Release|x64.Build.0 = Release|x64
		{B56E0D19-5D23-40FF-852A-B84B865C738E}.Release|x86.ActiveCfg = Release|Win32
		{B56E0D19-5D23-40FF-852A-B84B865C738E}.Release|x86.Build.0 = Release|Win32
		{0D317E8F-45B6-488D-BD5D-68A4194B05E3}.Debug|x64.ActiveCfg = Debug|x64
		{0D317E8F-45B6-488D-BD5D-68A4194B05E3}.Debug|x64.Build.0 = Debug|x64
		{0D317E8F-45B6-488D-BD5D-68A4194B05E3}.Debug|x86.ActiveCfg = Debug|Win32
		{0D317E8F-45B6-488D-BD5D-68A4194B05E3}.Debug|x86.Build.0 = Debug|Win32
		{0D317E8F-45B6-488D-BD5D-68A4194B05E3}.Release|x64.ActiveCfg = Release|x64
		{0D317E8F-45B6-488D-BD5D-68A4194B05E3}.Release|x64.Build.0 = Release|x64
		{0D317E8F-45B6-488D-BD5D-68A4194B05E3}.Release|x86.ActiveCfg = Release|Win32
		{0D317E8F-45B6-488D-BD5D-68A4194B05E3}.Release|x86.Build.0 = Release|Win32
	EndGlobalSection
	GlobalSection(SolutionProperties) = preSolution
		HideSolutionNode = FALSE
	EndGlobalSection
	GlobalSection(ExtensibilityGlobals) = postSolution
		SolutionGuid = {F6FBD6C4-73F6-4802-9330-8A3F2F6A4ED6}
	EndGlobalSection
EndGlobal
